
Microsoft Visual Studio Solution File, Format Version 12.00
# Visual Studio Version 17
VisualStudioVersion = 17.4.33213.308
MinimumVisualStudioVersion = 10.0.40219.1
Project("{FAE04EC0-301F-11D3-BF4B-00C04F79EFBC}") = "tempproject", "tempproject\tempproject.csproj", "{0E816B52-64D4-4FB9-A797-0DDDA32A9EAB}"
EndProject
Global
	GlobalSection(SolutionConfigurationPlatforms) = preSolution
		Debug|Any CPU = Debug|Any CPU
		Release|Any CPU = Release|Any CPU
	EndGlobalSection
	GlobalSection(ProjectConfigurationPlatforms) = postSolution
		{0E816B52-64D4-4FB9-A797-0DDDA32A9EAB}.Debug|Any CPU.ActiveCfg = Debug|Any CPU
		{0E816B52-64D4-4FB9-A797-0DDDA32A9EAB}.Debug|Any CPU.Build.0 = Debug|Any CPU
		{0E816B52-64D4-4FB9-A797-0DDDA32A9EAB}.Release|Any CPU.ActiveCfg = Release|Any CPU
		{0E816B52-64D4-4FB9-A797-0DDDA32A9EAB}.Release|Any CPU.Build.0 = Release|Any CPU
	EndGlobalSection
	GlobalSection(SolutionProperties) = preSolution
		HideSolutionNode = FALSE
	EndGlobalSection
	GlobalSection(ExtensibilityGlobals) = postSolution
		SolutionGuid = {DCF4E69E-D8A3-4503-96A0-84B609FB92A3}
	EndGlobalSection
EndGlobal
